github.com/Zany2/dtoken-go/com/codec/base64 v0.0.3 h1:MJyw8v7qpxjV3uIkNtyW4BZ7m4WFhMrEySgXchO0zRA=
github.com/Zany2/dtoken-go/com/codec/json v0.0.3 h1:zBe+UdH7gpOD2aVSrHUqeSf5e964z5L7AlhhmgLe/ek=
github.com/Zany2/dtoken-go/com/codec/msgpack v0.0.3 h1:SmE5ifD59VhHPGNxWDh6SZ3zF2xlq0auVSWhq+Ezfyo=
github.com/Zany2/dtoken-go/com/generator/dgenerator v0.0.3 h1:wVSbw7kxKAurSjkvT+D8UBYGRVstQKZj9FcIn9CY7s8=
github.com/Zany2/dtoken-go/com/log/dlog v0.0.3 h1:j/rdH6oz17rfARVAJjwme3G7foQ0hqRe8/5+ct2zT+M=
github.com/Zany2/dtoken-go/com/log/nop v0.0.3 h1:9+O543utp5PXEBa6llwz+jx4ncM+vM0k2a7aLFXuxaE=
github.com/Zany2/dtoken-go/com/pool/ants v0.0.3 h1:+iYtVaX2shh01lfisDIFbdVfASK4QOsOiiDG1HcvzAI=
github.com/Zany2/dtoken-go/com/storage/memory v0.0.3 h1:zMHj56K19DZVMqvCVIlo4hkIL5pcHFabCpJAXbM7uiA=
github.com/Zany2/dtoken-go/com/storage/redis v0.0.3 h1:oMWJq9IDIJBVfbUKG7a+3wJWFgh1HN1dxR/OERKgkm8=
github.com/Zany2/dtoken-go/core v0.0.3 h1:jjmRo2tM/rKeKHa9qMCp6lzkply5JdPzQ9aVj5gpw+w=
github.com/Zany2/dtoken-go/defaults v0.0.3 h1:OCirmtxOe3h16jdaNbLUJiNcbZ7tmbz41L4IxQCno3s=
github.com/Zany2/dtoken-go/dtoken v0.0.3 h1:LVk3rP4u0pwaL2pgI+AyutdfhzlrPv6e50HX/uq5zdw=
github.com/Zany2/dtoken-go/integrations/authcheck v0.0.3 h1:mvp9qvsPUmAvcHPdcetmxzmpJlU4+UqKdiGOm1ZmngI=
github.com/beego/beego/v2 v2.1.1 h1:VbvmrbFDg2xkaoawqZ1kSSXlV4/FcsOw6CJQD5qvMzU=
github.com/beorn7/perks v1.0.1 h1:VlbKKnNfV8bJzeqoa4cOKqO6bYr3WgKZxO8Z16+hsOM=
github.com/bsm/ginkgo/v2 v2.12.0 h1:Ny8MWAHyOepLGlLKYmXG4IEkioBysk6GpaRTLC8zwWs=
github.com/bsm/gomega v1.27.10 h1:yeMWxP2pV2fG3FgAODIY8EiRE3dy0aeFYt4l7wh6yKA=
github.com/cespare/xxhash/v2 v2.3.0 h1:UL815xU9SqsFlibzuggzjXhog7bL6oX9BbNZnL2UFvs=
github.com/davecgh/go-spew v1.1.2-0.20180830191138-d8f796af33cc h1:U9qPSI2PIWSS1VwoXQT9A3Wy9MM3WgvqSxFWenqJduM=
github.com/dgryski/go-rendezvous v0.0.0-20200823014737-9f7001d12a5f h1:lO4WD4F/rVNCu3HqELle0jiPLLBs70cWOduZpkS1E78=
github.com/elazarl/go-bindata-assetfs v1.0.1 h1:m0kkaHRKEu7tUIUFVwhGGGYClXvyl4RE03qmvRTNfbw=
github.com/golang-jwt/jwt/v5 v5.3.0 h1:pv4AsKCKKZuqlgs5sUmn4x8UlGa0kEVt/puTpKx9vvo=
github.com/golang/protobuf v1.5.4 h1:i7eJL8qZTpSEXOPTxNKhASYpMn+8e5Q6AdndVa1dWek=
github.com/google/go-cmp v0.7.0 h1:wk8382ETsv4JYUZwIsn6YpYiWiBsYLSJiTsyBybVuN8=
github.com/google/uuid v1.6.0 h1:NIvaJDMOsjHA8n1jAhLSgzrAzy1Hgr+hNrb57e+94F0=
github.com/hashicorp/golang-lru v0.5.4 h1:YDjusn29QI/Das2iO9M0BHnIbxPeyuCHsjMW+lJfyTc=
github.com/kr/pretty v0.3.1 h1:flRD4NNwYAUpkphVc1HcthR4KEIFJ65n8Mw5qdRn3LE=
github.com/kr/text v0.2.0 h1:5Nx0Ya0ZqY2ygV366QzturHI13Jq95ApcVaJBhpS+AY=
github.com/matttproud/golang_protobuf_extensions v1.0.4 h1:mmDVorXM7PCGKw94cs5zkfA9PSy5pEvNWRP0ET0TIVo=
github.com/mitchellh/mapstructure v1.5.0 h1:jeMsZIYE/09sWLaz43PL7Gy6RuMjD2eJVyuac5Z2hdY=
github.com/panjf2000/ants/v2 v2.11.3 h1:AfI0ngBoXJmYOpDh9m516vjqoUu2sLrIVgppI9TZVpg=
github.com/patrickmn/go-cache v2.1.0+incompatible h1:HRMgzkcYKYpi3C8ajMPV8OFXaaRUnok+kx1WdO15EQc=
github.com/pkg/errors v0.9.1 h1:FEBLx1zS214owpjy7qsBeixbURkuhQAwrK5UwLGTwt4=
github.com/pmezard/go-difflib v1.0.1-0.20181226105442-5d4384ee4fb2 h1:Jamvg5psRIccs7FGNTlIRMkT8wgtp5eCXdBlqhYGL6U=
github.com/prometheus/client_golang v1.16.0 h1:yk/hx9hDbrGHovbci4BY+pRMfSuuat626eFsHb7tmT8=
github.com/prometheus/client_model v0.3.0 h1:UBgGFHqYdG/TPFD1B1ogZywDqEkwp3fBMvqdiQ7Xew4=
github.com/prometheus/common v0.42.0 h1:EKsfXEYo4JpWMHH5cg+KOUWeuJSov1Id8zGR8eeI1YM=
github.com/prometheus/procfs v0.10.1 h1:kYK1Va/YMlutzCGazswoHKo//tZVlFpKYh+PymziUAg=
github.com/redis/go-redis/v9 v9.5.1 h1:H1X4D3yHPaYrkL5X06Wh6xNVM/pX0Ft4RV0vMGvLBh8=
github.com/rogpeppe/go-internal v1.13.1 h1:KvO1DLK/DRN07sQ1LQKScxyZJuNnedQ5/wKSR38lUII=
github.com/shiena/ansicolor v0.0.0-20200904210342-c7312218db18 h1:DAYUYH5869yV94zvCES9F51oYtN5oGlwjxJJz7ZCnik=
github.com/stretchr/testify v1.11.1 h1:7s2iGBzp5EwR7/aIZr8ao5+dra3wiQyKjjFuvgVKu7U=
github.com/vmihailenco/msgpack/v5 v5.4.1 h1:cQriyiUvjTwOHg8QZaPihLWeRAAVoCpE00IUPn0Bjt8=
github.com/vmihailenco/tagparser/v2 v2.0.0 h1:y09buUbR+b5aycVFQs/g70pqKVZNBmxwAhO7/IwNM9g=
golang.org/x/crypto v0.41.0 h1:WKYxWedPGCTVVl5+WHSSrOBT0O8lx32+zxmHxijgXp4=
golang.org/x/net v0.43.0 h1:lat02VYK2j4aLzMzecihNvTlJNQUq316m2Mr9rnM6YE=
golang.org/x/sync v0.19.0 h1:vV+1eWNmZ5geRlYjzm2adRgW2/mcpevXNg50YZtPCE4=
golang.org/x/sys v0.35.0 h1:vz1N37gP5bs89s7He8XuIYXpyY0+QlsKmzipCbUtyxI=
golang.org/x/text v0.28.0 h1:rhazDwis8INMIwQ4tpjLDzUhx6RlXqZNPEM0huQojng=
google.golang.org/protobuf v1.36.10 h1:AYd7cD/uASjIL6Q9LiTjz8JLcrh/88q5UObnmY3aOOE=
gopkg.in/check.v1 v1.0.0-20201130134442-10cb98267c6c h1:Hei/4ADfdWqJk1ZMxUNpqntNwaWcugrBjAiHlqqRiVk=
gopkg.in/yaml.v3 v3.0.1 h1:fxVm/GzAzEWqLHuvctI91KS9hhNmmWOoWu0XTYJS7CA=
