github.com/Zany2/dtoken-go/com/codec/json v0.0.1 h1:tNUqSbrNthiAMCkzUKnUR7VyTRxFjVRGfLj53gYQ/Gs=
github.com/Zany2/dtoken-go/com/generator/dgenerator v0.0.1 h1:7v1U/BQo3gJ1df2c2Shsl1Y3zGi5IjuDXn+7JfFUTck=
github.com/Zany2/dtoken-go/com/log/dlog v0.0.1 h1:xEk60SZ4bzdaaUxR+nSSm2UWPONj5Wk5eBKYaZ5Py84=
github.com/Zany2/dtoken-go/com/pool/ants v0.0.1 h1:6x4KlASpO948+kOhlLP9b+/ePn3szhNV30r6oug48tM=
github.com/Zany2/dtoken-go/com/storage/memory v0.0.1 h1:I0/hK4Xk8wTuymkycu3iYbKmiJa64R0Jm/qT44EQzgI=
github.com/Zany2/dtoken-go/core v0.0.1 h1:0PismuGCuy91W6m/2Ff7P78NF6mINKungaCEBZRL1rY=
github.com/Zany2/dtoken-go/defaults v0.0.1 h1:KMrfxd/XrN3Bgdo8B9hfroXANz7zwOorcR27Oscf/fA=
github.com/Zany2/dtoken-go/dtoken v0.0.1 h1:mwF5Ti6A4ECY90WrkxaqbemPXvM9iahiJ3/IMoBl3jA=
github.com/davecgh/go-spew v1.1.2-0.20180830191138-d8f796af33cc h1:U9qPSI2PIWSS1VwoXQT9A3Wy9MM3WgvqSxFWenqJduM=
github.com/golang-jwt/jwt/v5 v5.3.0 h1:pv4AsKCKKZuqlgs5sUmn4x8UlGa0kEVt/puTpKx9vvo=
github.com/google/uuid v1.6.0 h1:NIvaJDMOsjHA8n1jAhLSgzrAzy1Hgr+hNrb57e+94F0=
github.com/panjf2000/ants/v2 v2.11.3 h1:AfI0ngBoXJmYOpDh9m516vjqoUu2sLrIVgppI9TZVpg=
github.com/patrickmn/go-cache v2.1.0+incompatible h1:HRMgzkcYKYpi3C8ajMPV8OFXaaRUnok+kx1WdO15EQc=
github.com/pmezard/go-difflib v1.0.1-0.20181226105442-5d4384ee4fb2 h1:Jamvg5psRIccs7FGNTlIRMkT8wgtp5eCXdBlqhYGL6U=
github.com/stretchr/testify v1.11.1 h1:7s2iGBzp5EwR7/aIZr8ao5+dra3wiQyKjjFuvgVKu7U=
golang.org/x/sync v0.19.0 h1:vV+1eWNmZ5geRlYjzm2adRgW2/mcpevXNg50YZtPCE4=
gopkg.in/yaml.v3 v3.0.1 h1:fxVm/GzAzEWqLHuvctI91KS9hhNmmWOoWu0XTYJS7CA=
